// !$*UTF8*$!
{
	archiveVersion = 1;
	classes = {
	};
	objectVersion = 48;
	objects = {

/* Begin PBXBuildFile section */
		54E00AB320CF0AA3004D2B78 /* GoogleService-Info.plist in Resources */ = {isa = PBXBuildFile; fileRef = 54E00AB220CF0AA3004D2B78 /* GoogleService-Info.plist */; };
		54F8CBD720CB475D00118193 /* AppDelegate.swift in Sources */ = {isa = PBXBuildFile; fileRef = 54F8CBD620CB475D00118193 /* AppDelegate.swift */; };
		54F8CBD920CB475D00118193 /* ViewController.swift in Sources */ = {isa = PBXBuildFile; fileRef = 54F8CBD820CB475D00118193 /* ViewController.swift */; };
		54F8CBDC20CB475D00118193 /* Main.storyboard in Resources */ = {isa = PBXBuildFile; fileRef = 54F8CBDA20CB475D00118193 /* Main.storyboard */; };
		54F8CBDE20CB475D00118193 /* Assets.xcassets in Resources */ = {isa = PBXBuildFile; fileRef = 54F8CBDD20CB475D00118193 /* Assets.xcassets */; };
		54F8CBE120CB475D00118193 /* LaunchScreen.storyboard in Resources */ = {isa = PBXBuildFile; fileRef = 54F8CBDF20CB475D00118193 /* LaunchScreen.storyboard */; };
		54F8CBEC20CB475D00118193 /* Master_ScoresTests.swift in Sources */ = {isa = PBXBuildFile; fileRef = 54F8CBEB20CB475D00118193 /* Master_ScoresTests.swift */; };
		54F8CBF720CB475D00118193 /* Master_ScoresUITests.swift in Sources */ = {isa = PBXBuildFile; fileRef = 54F8CBF620CB475D00118193 /* Master_ScoresUITests.swift */; };
		54F8CC0520CB8B0B00118193 /* Master in Resources */ = {isa = PBXBuildFile; fileRef = 54F8CC0420CB8B0B00118193 /* Master */; };
		5F3E693A8D574E8B37F8AC83 /* Pods_Master_ScoresUITests.framework in Frameworks */ = {isa = PBXBuildFile; fileRef = AAEBF7A4E2E2941F568D7A70 /* Pods_Master_ScoresUITests.framework */; };
		73148604CD839C69719A54AB /* Pods_Master_ScoresTests.framework in Frameworks */ = {isa = PBXBuildFile; fileRef = 93F21407AB4FC088CCE1ABF8 /* Pods_Master_ScoresTests.framework */; };
		E486762361CB41C71D24FA4B /* Pods_Master_Scores.framework in Frameworks */ = {isa = PBXBuildFile; fileRef = A0C823BDDD604137127EF6A5 /* Pods_Master_Scores.framework */; };
/* End PBXBuildFile section */

/* Begin PBXContainerItemProxy section */
		54F8CBE820CB475D00118193 /* PBXContainerItemProxy */ = {
			isa = PBXContainerItemProxy;
			containerPortal = 54F8CBCB20CB475D00118193 /* Project object */;
			proxyType = 1;
			remoteGlobalIDString = 54F8CBD220CB475D00118193;
			remoteInfo = "Master Scores";
		};
		54F8CBF320CB475D00118193 /* PBXContainerItemProxy */ = {
			isa = PBXContainerItemProxy;
			containerPortal = 54F8CBCB20CB475D00118193 /* Project object */;
			proxyType = 1;
			remoteGlobalIDString = 54F8CBD220CB475D00118193;
			remoteInfo = "Master Scores";
		};
/* End PBXContainerItemProxy section */

/* Begin PBXFileReference section */
		19F637B112DFB99797BAF576 /* Pods-Master ScoresUITests.release.xcconfig */ = {isa = PBXFileReference; includeInIndex = 1; lastKnownFileType = text.xcconfig; name = "Pods-Master ScoresUITests.release.xcconfig"; path = "Pods/Target Support Files/Pods-Master ScoresUITests/Pods-Master ScoresUITests.release.xcconfig"; sourceTree = "<group>"; };
		1AC5AEAF11693B29B7ADA2E2 /* Pods-Master ScoresTests.debug.xcconfig */ = {isa = PBXFileReference; includeInIndex = 1; lastKnownFileType = text.xcconfig; name = "Pods-Master ScoresTests.debug.xcconfig"; path = "Pods/Target Support Files/Pods-Master ScoresTests/Pods-Master ScoresTests.debug.xcconfig"; sourceTree = "<group>"; };
		54E00AB220CF0AA3004D2B78 /* GoogleService-Info.plist */ = {isa = PBXFileReference; fileEncoding = 4; lastKnownFileType = text.plist.xml; path = "GoogleService-Info.plist"; sourceTree = "<group>"; };
		54F8CBD320CB475D00118193 /* Master Scores.app */ = {isa = PBXFileReference; explicitFileType = wrapper.application; includeInIndex = 0; path = "Master Scores.app"; sourceTree = BUILT_PRODUCTS_DIR; };
		54F8CBD620CB475D00118193 /* AppDelegate.swift */ = {isa = PBXFileReference; lastKnownFileType = sourcecode.swift; path = AppDelegate.swift; sourceTree = "<group>"; };
		54F8CBD820CB475D00118193 /* ViewController.swift */ = {isa = PBXFileReference; lastKnownFileType = sourcecode.swift; path = ViewController.swift; sourceTree = "<group>"; };
		54F8CBDB20CB475D00118193 /* Base */ = {isa = PBXFileReference; lastKnownFileType = file.storyboard; name = Base; path = Base.lproj/Main.storyboard; sourceTree = "<group>"; };
		54F8CBDD20CB475D00118193 /* Assets.xcassets */ = {isa = PBXFileReference; lastKnownFileType = folder.assetcatalog; path = Assets.xcassets; sourceTree = "<group>"; };
		54F8CBE020CB475D00118193 /* Base */ = {isa = PBXFileReference; lastKnownFileType = file.storyboard; name = Base; path = Base.lproj/LaunchScreen.storyboard; sourceTree = "<group>"; };
		54F8CBE220CB475D00118193 /* Info.plist */ = {isa = PBXFileReference; lastKnownFileType = text.plist.xml; path = Info.plist; sourceTree = "<group>"; };
		54F8CBE720CB475D00118193 /* Master ScoresTests.xctest */ = {isa = PBXFileReference; explicitFileType = wrapper.cfbundle; includeInIndex = 0; path = "Master ScoresTests.xctest"; sourceTree = BUILT_PRODUCTS_DIR; };
		54F8CBEB20CB475D00118193 /* Master_ScoresTests.swift */ = {isa = PBXFileReference; lastKnownFileType = sourcecode.swift; path = Master_ScoresTests.swift; sourceTree = "<group>"; };
		54F8CBED20CB475D00118193 /* Info.plist */ = {isa = PBXFileReference; lastKnownFileType = text.plist.xml; path = Info.plist; sourceTree = "<group>"; };
		54F8CBF220CB475D00118193 /* Master ScoresUITests.xctest */ = {isa = PBXFileReference; explicitFileType = wrapper.cfbundle; includeInIndex = 0; path = "Master ScoresUITests.xctest"; sourceTree = BUILT_PRODUCTS_DIR; };
		54F8CBF620CB475D00118193 /* Master_ScoresUITests.swift */ = {isa = PBXFileReference; lastKnownFileType = sourcecode.swift; path = Master_ScoresUITests.swift; sourceTree = "<group>"; };
		54F8CBF820CB475D00118193 /* Info.plist */ = {isa = PBXFileReference; lastKnownFileType = text.plist.xml; path = Info.plist; sourceTree = "<group>"; };
		54F8CC0420CB8B0B00118193 /* Master */ = {isa = PBXFileReference; lastKnownFileType = folder; path = Master; sourceTree = "<group>"; };
		7C08EE574955E5150C201AB5 /* Pods-Master Scores.release.xcconfig */ = {isa = PBXFileReference; includeInIndex = 1; lastKnownFileType = text.xcconfig; name = "Pods-Master Scores.release.xcconfig"; path = "Pods/Target Support Files/Pods-Master Scores/Pods-Master Scores.release.xcconfig"; sourceTree = "<group>"; };
		93F21407AB4FC088CCE1ABF8 /* Pods_Master_ScoresTests.framework */ = {isa = PBXFileReference; explicitFileType = wrapper.framework; includeInIndex = 0; path = Pods_Master_ScoresTests.framework; sourceTree = BUILT_PRODUCTS_DIR; };
		A0C823BDDD604137127EF6A5 /* Pods_Master_Scores.framework */ = {isa = PBXFileReference; explicitFileType = wrapper.framework; includeInIndex = 0; path = Pods_Master_Scores.framework; sourceTree = BUILT_PRODUCTS_DIR; };
		A33B5EEDD1BB74FBD38DE9BC /* Pods-Master Scores.debug.xcconfig */ = {isa = PBXFileReference; includeInIndex = 1; lastKnownFileType = text.xcconfig; name = "Pods-Master Scores.debug.xcconfig"; path = "Pods/Target Support Files/Pods-Master Scores/Pods-Master Scores.debug.xcconfig"; sourceTree = "<group>"; };
		AAEBF7A4E2E2941F568D7A70 /* Pods_Master_ScoresUITests.framework */ = {isa = PBXFileReference; explicitFileType = wrapper.framework; includeInIndex = 0; path = Pods_Master_ScoresUITests.framework; sourceTree = BUILT_PRODUCTS_DIR; };
		B6C5064D41CC2DB8C7907AAF /* Pods-Master ScoresTests.release.xcconfig */ = {isa = PBXFileReference; includeInIndex = 1; lastKnownFileType = text.xcconfig; name = "Pods-Master ScoresTests.release.xcconfig"; path = "Pods/Target Support Files/Pods-Master ScoresTests/Pods-Master ScoresTests.release.xcconfig"; sourceTree = "<group>"; };
		CE349B0F214466565CD041DF /* Pods-Master ScoresUITests.debug.xcconfig */ = {isa = PBXFileReference; includeInIndex = 1; lastKnownFileType = text.xcconfig; name = "Pods-Master ScoresUITests.debug.xcconfig"; path = "Pods/Target Support Files/Pods-Master ScoresUITests/Pods-Master ScoresUITests.debug.xcconfig"; sourceTree = "<group>"; };
/* End PBXFileReference section */

/* Begin PBXFrameworksBuildPhase section */
		54F8CBD020CB475D00118193 /* Frameworks */ = {
			isa = PBXFrameworksBuildPhase;
			buildActionMask = 2147483647;
			files = (
				E486762361CB41C71D24FA4B /* Pods_Master_Scores.framework in Frameworks */,
			);
			runOnlyForDeploymentPostprocessing = 0;
		};
		54F8CBE420CB475D00118193 /* Frameworks */ = {
			isa = PBXFrameworksBuildPhase;
			buildActionMask = 2147483647;
			files = (
				73148604CD839C69719A54AB /* Pods_Master_ScoresTests.framework in Frameworks */,
			);
			runOnlyForDeploymentPostprocessing = 0;
		};
		54F8CBEF20CB475D00118193 /* Frameworks */ = {
			isa = PBXFrameworksBuildPhase;
			buildActionMask = 2147483647;
			files = (
				5F3E693A8D574E8B37F8AC83 /* Pods_Master_ScoresUITests.framework in Frameworks */,
			);
			runOnlyForDeploymentPostprocessing = 0;
		};
/* End PBXFrameworksBuildPhase section */

/* Begin PBXGroup section */
		54F8CBCA20CB475D00118193 = {
			isa = PBXGroup;
			children = (
				54F8CBD520CB475D00118193 /* Master Scores */,
				54F8CBEA20CB475D00118193 /* Master ScoresTests */,
				54F8CBF520CB475D00118193 /* Master ScoresUITests */,
				54F8CBD420CB475D00118193 /* Products */,
				AFC92A7742EA6936601F049C /* Pods */,
				A70CD075589875532E1EE010 /* Frameworks */,
			);
			sourceTree = "<group>";
		};
		54F8CBD420CB475D00118193 /* Products */ = {
			isa = PBXGroup;
			children = (
				54F8CBD320CB475D00118193 /* Master Scores.app */,
				54F8CBE720CB475D00118193 /* Master ScoresTests.xctest */,
				54F8CBF220CB475D00118193 /* Master ScoresUITests.xctest */,
			);
			name = Products;
			sourceTree = "<group>";
		};
		54F8CBD520CB475D00118193 /* Master Scores */ = {
			isa = PBXGroup;
			children = (
				54F8CBD620CB475D00118193 /* AppDelegate.swift */,
				54F8CBD820CB475D00118193 /* ViewController.swift */,
				54F8CBDA20CB475D00118193 /* Main.storyboard */,
				54F8CC0420CB8B0B00118193 /* Master */,
				54F8CBDD20CB475D00118193 /* Assets.xcassets */,
				54F8CBDF20CB475D00118193 /* LaunchScreen.storyboard */,
				54F8CBE220CB475D00118193 /* Info.plist */,
				54E00AB220CF0AA3004D2B78 /* GoogleService-Info.plist */,
			);
			path = "Master Scores";
			sourceTree = "<group>";
		};
		54F8CBEA20CB475D00118193 /* Master ScoresTests */ = {
			isa = PBXGroup;
			children = (
				54F8CBEB20CB475D00118193 /* Master_ScoresTests.swift */,
				54F8CBED20CB475D00118193 /* Info.plist */,
			);
			path = "Master ScoresTests";
			sourceTree = "<group>";
		};
		54F8CBF520CB475D00118193 /* Master ScoresUITests */ = {
			isa = PBXGroup;
			children = (
				54F8CBF620CB475D00118193 /* Master_ScoresUITests.swift */,
				54F8CBF820CB475D00118193 /* Info.plist */,
			);
			path = "Master ScoresUITests";
			sourceTree = "<group>";
		};
		A70CD075589875532E1EE010 /* Frameworks */ = {
			isa = PBXGroup;
			children = (
				A0C823BDDD604137127EF6A5 /* Pods_Master_Scores.framework */,
				93F21407AB4FC088CCE1ABF8 /* Pods_Master_ScoresTests.framework */,
				AAEBF7A4E2E2941F568D7A70 /* Pods_Master_ScoresUITests.framework */,
			);
			name = Frameworks;
			sourceTree = "<group>";
		};
		AFC92A7742EA6936601F049C /* Pods */ = {
			isa = PBXGroup;
			children = (
				A33B5EEDD1BB74FBD38DE9BC /* Pods-Master Scores.debug.xcconfig */,
				7C08EE574955E5150C201AB5 /* Pods-Master Scores.release.xcconfig */,
				1AC5AEAF11693B29B7ADA2E2 /* Pods-Master ScoresTests.debug.xcconfig */,
				B6C5064D41CC2DB8C7907AAF /* Pods-Master ScoresTests.release.xcconfig */,
				CE349B0F214466565CD041DF /* Pods-Master ScoresUITests.debug.xcconfig */,
				19F637B112DFB99797BAF576 /* Pods-Master ScoresUITests.release.xcconfig */,
			);
			name = Pods;
			sourceTree = "<group>";
		};
/* End PBXGroup section */

/* Begin PBXNativeTarget section */
		54F8CBD220CB475D00118193 /* Master Scores */ = {
			isa = PBXNativeTarget;
			buildConfigurationList = 54F8CBFB20CB475D00118193 /* Build configuration list for PBXNativeTarget "Master Scores" */;
			buildPhases = (
				2264745C07936AE1C92DDBDA /* [CP] Check Pods Manifest.lock */,
				54F8CBCF20CB475D00118193 /* Sources */,
				54F8CBD020CB475D00118193 /* Frameworks */,
				54F8CBD120CB475D00118193 /* Resources */,
				3FB5C71D77ADA29D8E13C71B /* [CP] Embed Pods Frameworks */,
			);
			buildRules = (
			);
			dependencies = (
			);
			name = "Master Scores";
			productName = "Master Scores";
			productReference = 54F8CBD320CB475D00118193 /* Master Scores.app */;
			productType = "com.apple.product-type.application";
		};
		54F8CBE620CB475D00118193 /* Master ScoresTests */ = {
			isa = PBXNativeTarget;
			buildConfigurationList = 54F8CBFE20CB475D00118193 /* Build configuration list for PBXNativeTarget "Master ScoresTests" */;
			buildPhases = (
				9F30C29627CFFAB555DEC165 /* [CP] Check Pods Manifest.lock */,
				54F8CBE320CB475D00118193 /* Sources */,
				54F8CBE420CB475D00118193 /* Frameworks */,
				54F8CBE520CB475D00118193 /* Resources */,
			);
			buildRules = (
			);
			dependencies = (
				54F8CBE920CB475D00118193 /* PBXTargetDependency */,
			);
			name = "Master ScoresTests";
			productName = "Master ScoresTests";
			productReference = 54F8CBE720CB475D00118193 /* Master ScoresTests.xctest */;
			productType = "com.apple.product-type.bundle.unit-test";
		};
		54F8CBF120CB475D00118193 /* Master ScoresUITests */ = {
			isa = PBXNativeTarget;
			buildConfigurationList = 54F8CC0120CB475D00118193 /* Build configuration list for PBXNativeTarget "Master ScoresUITests" */;
			buildPhases = (
				69EF3749041DA1C132305983 /* [CP] Check Pods Manifest.lock */,
				54F8CBEE20CB475D00118193 /* Sources */,
				54F8CBEF20CB475D00118193 /* Frameworks */,
				54F8CBF020CB475D00118193 /* Resources */,
			);
			buildRules = (
			);
			dependencies = (
				54F8CBF420CB475D00118193 /* PBXTargetDependency */,
			);
			name = "Master ScoresUITests";
			productName = "Master ScoresUITests";
			productReference = 54F8CBF220CB475D00118193 /* Master ScoresUITests.xctest */;
			productType = "com.apple.product-type.bundle.ui-testing";
		};
/* End PBXNativeTarget section */

/* Begin PBXProject section */
		54F8CBCB20CB475D00118193 /* Project object */ = {
			isa = PBXProject;
			attributes = {
				LastSwiftUpdateCheck = 0920;
				LastUpgradeCheck = 0920;
				ORGANIZATIONNAME = "Master Scores";
				TargetAttributes = {
					54F8CBD220CB475D00118193 = {
						CreatedOnToolsVersion = 9.2;
						ProvisioningStyle = Automatic;
					};
					54F8CBE620CB475D00118193 = {
						CreatedOnToolsVersion = 9.2;
						ProvisioningStyle = Automatic;
						TestTargetID = 54F8CBD220CB475D00118193;
					};
					54F8CBF120CB475D00118193 = {
						CreatedOnToolsVersion = 9.2;
						ProvisioningStyle = Automatic;
						TestTargetID = 54F8CBD220CB475D00118193;
					};
				};
			};
			buildConfigurationList = 54F8CBCE20CB475D00118193 /* Build configuration list for PBXProject "Master Scores" */;
			compatibilityVersion = "Xcode 8.0";
			developmentRegion = en;
			hasScannedForEncodings = 0;
			knownRegions = (
				en,
				Base,
			);
			mainGroup = 54F8CBCA20CB475D00118193;
			productRefGroup = 54F8CBD420CB475D00118193 /* Products */;
			projectDirPath = "";
			projectRoot = "";
			targets = (
				54F8CBD220CB475D00118193 /* Master Scores */,
				54F8CBE620CB475D00118193 /* Master ScoresTests */,
				54F8CBF120CB475D00118193 /* Master ScoresUITests */,
			);
		};
/* End PBXProject section */

/* Begin PBXResourcesBuildPhase section */
		54F8CBD120CB475D00118193 /* Resources */ = {
			isa = PBXResourcesBuildPhase;
			buildActionMask = 2147483647;
			files = (
				54F8CBE120CB475D00118193 /* LaunchScreen.storyboard in Resources */,
				54F8CBDE20CB475D00118193 /* Assets.xcassets in Resources */,
				54E00AB320CF0AA3004D2B78 /* GoogleService-Info.plist in Resources */,
				54F8CC0520CB8B0B00118193 /* Master in Resources */,
				54F8CBDC20CB475D00118193 /* Main.storyboard in Resources */,
			);
			runOnlyForDeploymentPostprocessing = 0;
		};
		54F8CBE520CB475D00118193 /* Resources */ = {
			isa = PBXResourcesBuildPhase;
			buildActionMask = 2147483647;
			files = (
			);
			runOnlyForDeploymentPostprocessing = 0;
		};
		54F8CBF020CB475D00118193 /* Resources */ = {
			isa = PBXResourcesBuildPhase;
			buildActionMask = 2147483647;
			files = (
			);
			runOnlyForDeploymentPostprocessing = 0;
		};
/* End PBXResourcesBuildPhase section */

/* Begin PBXShellScriptBuildPhase section */
		2264745C07936AE1C92DDBDA /* [CP] Check Pods Manifest.lock */ = {
			isa = PBXShellScriptBuildPhase;
			buildActionMask = 2147483647;
			files = (
			);
			inputPaths = (
				"${PODS_PODFILE_DIR_PATH}/Podfile.lock",
				"${PODS_ROOT}/Manifest.lock",
			);
			name = "[CP] Check Pods Manifest.lock";
			outputPaths = (
				"$(DERIVED_FILE_DIR)/Pods-Master Scores-checkManifestLockResult.txt",
			);
			runOnlyForDeploymentPostprocessing = 0;
			shellPath = /bin/sh;
			shellScript = "diff \"${PODS_PODFILE_DIR_PATH}/Podfile.lock\" \"${PODS_ROOT}/Manifest.lock\" > /dev/null\nif [ $? != 0 ] ; then\n    # print error to STDERR\n    echo \"error: The sandbox is not in sync with the Podfile.lock. Run 'pod install' or update your CocoaPods installation.\" >&2\n    exit 1\nfi\n# This output is used by Xcode 'outputs' to avoid re-running this script phase.\necho \"SUCCESS\" > \"${SCRIPT_OUTPUT_FILE_0}\"\n";
			showEnvVarsInLog = 0;
		};
		3FB5C71D77ADA29D8E13C71B /* [CP] Embed Pods Frameworks */ = {
			isa = PBXShellScriptBuildPhase;
			buildActionMask = 2147483647;
			files = (
			);
			inputPaths = (
				"${SRCROOT}/Pods/Target Support Files/Pods-Master Scores/Pods-Master Scores-frameworks.sh",
				"${BUILT_PRODUCTS_DIR}/GoogleToolboxForMac/GoogleToolboxForMac.framework",
				"${BUILT_PRODUCTS_DIR}/nanopb/nanopb.framework",
			);
			name = "[CP] Embed Pods Frameworks";
			outputPaths = (
				"${TARGET_BUILD_DIR}/${FRAMEWORKS_FOLDER_PATH}/GoogleToolboxForMac.framework",
				"${TARGET_BUILD_DIR}/${FRAMEWORKS_FOLDER_PATH}/nanopb.framework",
			);
			runOnlyForDeploymentPostprocessing = 0;
			shellPath = /bin/sh;
			shellScript = "\"${SRCROOT}/Pods/Target Support Files/Pods-Master Scores/Pods-Master Scores-frameworks.sh\"\n";
			showEnvVarsInLog = 0;
		};
		69EF3749041DA1C132305983 /* [CP] Check Pods Manifest.lock */ = {
			isa = PBXShellScriptBuildPhase;
			buildActionMask = 2147483647;
			files = (
			);
			inputPaths = (
				"${PODS_PODFILE_DIR_PATH}/Podfile.lock",
				"${PODS_ROOT}/Manifest.lock",
			);
			name = "[CP] Check Pods Manifest.lock";
			outputPaths = (
				"$(DERIVED_FILE_DIR)/Pods-Master ScoresUITests-checkManifestLockResult.txt",
			);
			runOnlyForDeploymentPostprocessing = 0;
			shellPath = /bin/sh;
			shellScript = "diff \"${PODS_PODFILE_DIR_PATH}/Podfile.lock\" \"${PODS_ROOT}/Manifest.lock\" > /dev/null\nif [ $? != 0 ] ; then\n    # print error to STDERR\n    echo \"error: The sandbox is not in sync with the Podfile.lock. Run 'pod install' or update your CocoaPods installation.\" >&2\n    exit 1\nfi\n# This output is used by Xcode 'outputs' to avoid re-running this script phase.\necho \"SUCCESS\" > \"${SCRIPT_OUTPUT_FILE_0}\"\n";
			showEnvVarsInLog = 0;
		};
		9F30C29627CFFAB555DEC165 /* [CP] Check Pods Manifest.lock */ = {
			isa = PBXShellScriptBuildPhase;
			buildActionMask = 2147483647;
			files = (
			);
			inputPaths = (
				"${PODS_PODFILE_DIR_PATH}/Podfile.lock",
				"${PODS_ROOT}/Manifest.lock",
			);
			name = "[CP] Check Pods Manifest.lock";
			outputPaths = (
				"$(DERIVED_FILE_DIR)/Pods-Master ScoresTests-checkManifestLockResult.txt",
			);
			runOnlyForDeploymentPostprocessing = 0;
			shellPath = /bin/sh;
			shellScript = "diff \"${PODS_PODFILE_DIR_PATH}/Podfile.lock\" \"${PODS_ROOT}/Manifest.lock\" > /dev/null\nif [ $? != 0 ] ; then\n    # print error to STDERR\n    echo \"error: The sandbox is not in sync with the Podfile.lock. Run 'pod install' or update your CocoaPods installation.\" >&2\n    exit 1\nfi\n# This output is used by Xcode 'outputs' to avoid re-running this script phase.\necho \"SUCCESS\" > \"${SCRIPT_OUTPUT_FILE_0}\"\n";
			showEnvVarsInLog = 0;
		};
/* End PBXShellScriptBuildPhase section */

/* Begin PBXSourcesBuildPhase section */
		54F8CBCF20CB475D00118193 /* Sources */ = {
			isa = PBXSourcesBuildPhase;
			buildActionMask = 2147483647;
			files = (
				54F8CBD920CB475D00118193 /* ViewController.swift in Sources */,
				54F8CBD720CB475D00118193 /* AppDelegate.swift in Sources */,
			);
			runOnlyForDeploymentPostprocessing = 0;
		};
		54F8CBE320CB475D00118193 /* Sources */ = {
			isa = PBXSourcesBuildPhase;
			buildActionMask = 2147483647;
			files = (
				54F8CBEC20CB475D00118193 /* Master_ScoresTests.swift in Sources */,
			);
			runOnlyForDeploymentPostprocessing = 0;
		};
		54F8CBEE20CB475D00118193 /* Sources */ = {
			isa = PBXSourcesBuildPhase;
			buildActionMask = 2147483647;
			files = (
				54F8CBF720CB475D00118193 /* Master_ScoresUITests.swift in Sources */,
			);
			runOnlyForDeploymentPostprocessing = 0;
		};
/* End PBXSourcesBuildPhase section */

/* Begin PBXTargetDependency section */
		54F8CBE920CB475D00118193 /* PBXTargetDependency */ = {
			isa = PBXTargetDependency;
			target = 54F8CBD220CB475D00118193 /* Master Scores */;
			targetProxy = 54F8CBE820CB475D00118193 /* PBXContainerItemProxy */;
		};
		54F8CBF420CB475D00118193 /* PBXTargetDependency */ = {
			isa = PBXTargetDependency;
			target = 54F8CBD220CB475D00118193 /* Master Scores */;
			targetProxy = 54F8CBF320CB475D00118193 /* PBXContainerItemProxy */;
		};
/* End PBXTargetDependency section */

/* Begin PBXVariantGroup section */
		54F8CBDA20CB475D00118193 /* Main.storyboard */ = {
			isa = PBXVariantGroup;
			children = (
				54F8CBDB20CB475D00118193 /* Base */,
			);
			name = Main.storyboard;
			sourceTree = "<group>";
		};
		54F8CBDF20CB475D00118193 /* LaunchScreen.storyboard */ = {
			isa = PBXVariantGroup;
			children = (
				54F8CBE020CB475D00118193 /* Base */,
			);
			name = LaunchScreen.storyboard;
			sourceTree = "<group>";
		};
/* End PBXVariantGroup section */

/* Begin XCBuildConfiguration section */
		54F8CBF920CB475D00118193 /* Debug */ = {
			isa = XCBuildConfiguration;
			buildSettings = {
				ALWAYS_SEARCH_USER_PATHS = NO;
				CLANG_ANALYZER_NONNULL = YES;
				CLANG_ANALYZER_NUMBER_OBJECT_CONVERSION = YES_AGGRESSIVE;
				CLANG_CXX_LANGUAGE_STANDARD = "gnu++14";
				CLANG_CXX_LIBRARY = "libc++";
				CLANG_ENABLE_MODULES = YES;
				CLANG_ENABLE_OBJC_ARC = YES;
				CLANG_WARN_BLOCK_CAPTURE_AUTORELEASING = YES;
				CLANG_WARN_BOOL_CONVERSION = YES;
				CLANG_WARN_COMMA = YES;
				CLANG_WARN_CONSTANT_CONVERSION = YES;
				CLANG_WARN_DIRECT_OBJC_ISA_USAGE = YES_ERROR;
				CLANG_WARN_DOCUMENTATION_COMMENTS = YES;
				CLANG_WARN_EMPTY_BODY = YES;
				CLANG_WARN_ENUM_CONVERSION = YES;
				CLANG_WARN_INFINITE_RECURSION = YES;
				CLANG_WARN_INT_CONVERSION = YES;
				CLANG_WARN_NON_LITERAL_NULL_CONVERSION = YES;
				CLANG_WARN_OBJC_LITERAL_CONVERSION = YES;
				CLANG_WARN_OBJC_ROOT_CLASS = YES_ERROR;
				CLANG_WARN_RANGE_LOOP_ANALYSIS = YES;
				CLANG_WARN_STRICT_PROTOTYPES = YES;
				CLANG_WARN_SUSPICIOUS_MOVE = YES;
				CLANG_WARN_UNGUARDED_AVAILABILITY = YES_AGGRESSIVE;
				CLANG_WARN_UNREACHABLE_CODE = YES;
				CLANG_WARN__DUPLICATE_METHOD_MATCH = YES;
				CODE_SIGN_IDENTITY = "iPhone Developer";
				COPY_PHASE_STRIP = NO;
				DEBUG_INFORMATION_FORMAT = dwarf;
				ENABLE_STRICT_OBJC_MSGSEND = YES;
				ENABLE_TESTABILITY = YES;
				GCC_C_LANGUAGE_STANDARD = gnu11;
				GCC_DYNAMIC_NO_PIC = NO;
				GCC_NO_COMMON_BLOCKS = YES;
				GCC_OPTIMIZATION_LEVEL = 0;
				GCC_PREPROCESSOR_DEFINITIONS = (
					"DEBUG=1",
					"$(inherited)",
				);
				GCC_WARN_64_TO_32_BIT_CONVERSION = YES;
				GCC_WARN_ABOUT_RETURN_TYPE = YES_ERROR;
				GCC_WARN_UNDECLARED_SELECTOR = YES;
				GCC_WARN_UNINITIALIZED_AUTOS = YES_AGGRESSIVE;
				GCC_WARN_UNUSED_FUNCTION = YES;
				GCC_WARN_UNUSED_VARIABLE = YES;
				IPHONEOS_DEPLOYMENT_TARGET = 11.2;
				MTL_ENABLE_DEBUG_INFO = YES;
				ONLY_ACTIVE_ARCH = YES;
				SDKROOT = iphoneos;
				SWIFT_ACTIVE_COMPILATION_CONDITIONS = DEBUG;
				SWIFT_OPTIMIZATION_LEVEL = "-Onone";
			};
			name = Debug;
		};
		54F8CBFA20CB475D00118193 /* Release */ = {
			isa = XCBuildConfiguration;
			buildSettings = {
				ALWAYS_SEARCH_USER_PATHS = NO;
				CLANG_ANALYZER_NONNULL = YES;
				CLANG_ANALYZER_NUMBER_OBJECT_CONVERSION = YES_AGGRESSIVE;
				CLANG_CXX_LANGUAGE_STANDARD = "gnu++14";
				CLANG_CXX_LIBRARY = "libc++";
				CLANG_ENABLE_MODULES = YES;
				CLANG_ENABLE_OBJC_ARC = YES;
				CLANG_WARN_BLOCK_CAPTURE_AUTORELEASING = YES;
				CLANG_WARN_BOOL_CONVERSION = YES;
				CLANG_WARN_COMMA = YES;
				CLANG_WARN_CONSTANT_CONVERSION = YES;
				CLANG_WARN_DIRECT_OBJC_ISA_USAGE = YES_ERROR;
				CLANG_WARN_DOCUMENTATION_COMMENTS = YES;
				CLANG_WARN_EMPTY_BODY = YES;
				CLANG_WARN_ENUM_CONVERSION = YES;
				CLANG_WARN_INFINITE_RECURSION = YES;
				CLANG_WARN_INT_CONVERSION = YES;
				CLANG_WARN_NON_LITERAL_NULL_CONVERSION = YES;
				CLANG_WARN_OBJC_LITERAL_CONVERSION = YES;
				CLANG_WARN_OBJC_ROOT_CLASS = YES_ERROR;
				CLANG_WARN_RANGE_LOOP_ANALYSIS = YES;
				CLANG_WARN_STRICT_PROTOTYPES = YES;
				CLANG_WARN_SUSPICIOUS_MOVE = YES;
				CLANG_WARN_UNGUARDED_AVAILABILITY = YES_AGGRESSIVE;
				CLANG_WARN_UNREACHABLE_CODE = YES;
				CLANG_WARN__DUPLICATE_METHOD_MATCH = YES;
				CODE_SIGN_IDENTITY = "iPhone Developer";
				COPY_PHASE_STRIP = NO;
				DEBUG_INFORMATION_FORMAT = "dwarf-with-dsym";
				ENABLE_NS_ASSERTIONS = NO;
				ENABLE_STRICT_OBJC_MSGSEND = YES;
				GCC_C_LANGUAGE_STANDARD = gnu11;
				GCC_NO_COMMON_BLOCKS = YES;
				GCC_WARN_64_TO_32_BIT_CONVERSION = YES;
				GCC_WARN_ABOUT_RETURN_TYPE = YES_ERROR;
				GCC_WARN_UNDECLARED_SELECTOR = YES;
				GCC_WARN_UNINITIALIZED_AUTOS = YES_AGGRESSIVE;
				GCC_WARN_UNUSED_FUNCTION = YES;
				GCC_WARN_UNUSED_VARIABLE = YES;
				IPHONEOS_DEPLOYMENT_TARGET = 11.2;
				MTL_ENABLE_DEBUG_INFO = NO;
				SDKROOT = iphoneos;
				SWIFT_OPTIMIZATION_LEVEL = "-Owholemodule";
				VALIDATE_PRODUCT = YES;
			};
			name = Release;
		};
		54F8CBFC20CB475D00118193 /* Debug */ = {
			isa = XCBuildConfiguration;
			baseConfigurationReference = A33B5EEDD1BB74FBD38DE9BC /* Pods-Master Scores.debug.xcconfig */;
			buildSettings = {
				ASSETCATALOG_COMPILER_APPICON_NAME = AppIcon;
				CODE_SIGN_STYLE = Automatic;
				DEVELOPMENT_TEAM = FDTCRD4BVY;
				INFOPLIST_FILE = "Master Scores/Info.plist";
				IPHONEOS_DEPLOYMENT_TARGET = 9.3;
				LD_RUNPATH_SEARCH_PATHS = "$(inherited) @executable_path/Frameworks";
				PRODUCT_BUNDLE_IDENTIFIER = "Master-Scores.Master-Scores";
				PRODUCT_NAME = "$(TARGET_NAME)";
				SWIFT_VERSION = 4.0;
				TARGETED_DEVICE_FAMILY = "1,2";
			};
			name = Debug;
		};
		54F8CBFD20CB475D00118193 /* Release */ = {
			isa = XCBuildConfiguration;
			baseConfigurationReference = 7C08EE574955E5150C201AB5 /* Pods-Master Scores.release.xcconfig */;
			buildSettings = {
				ASSETCATALOG_COMPILER_APPICON_NAME = AppIcon;
				CODE_SIGN_STYLE = Automatic;
				DEVELOPMENT_TEAM = FDTCRD4BVY;
				INFOPLIST_FILE = "Master Scores/Info.plist";
				IPHONEOS_DEPLOYMENT_TARGET = 9.3;
				LD_RUNPATH_SEARCH_PATHS = "$(inherited) @executable_path/Frameworks";
				PRODUCT_BUNDLE_IDENTIFIER = "Master-Scores.Master-Scores";
				PRODUCT_NAME = "$(TARGET_NAME)";
				SWIFT_VERSION = 4.0;
				TARGETED_DEVICE_FAMILY = "1,2";
			};
			name = Release;
		};
		54F8CBFF20CB475D00118193 /* Debug */ = {
			isa = XCBuildConfiguration;
			baseConfigurationReference = 1AC5AEAF11693B29B7ADA2E2 /* Pods-Master ScoresTests.debug.xcconfig */;
			buildSettings = {
				ALWAYS_EMBED_SWIFT_STANDARD_LIBRARIES = YES;
				BUNDLE_LOADER = "$(TEST_HOST)";
				CODE_SIGN_STYLE = Automatic;
				DEVELOPMENT_TEAM = FDTCRD4BVY;
				INFOPLIST_FILE = "Master ScoresTests/Info.plist";
				LD_RUNPATH_SEARCH_PATHS = "$(inherited) @executable_path/Frameworks @loader_path/Frameworks";
				PRODUCT_BUNDLE_IDENTIFIER = "Master-Scores.Master-ScoresTests";
				PRODUCT_NAME = "$(TARGET_NAME)";
				SWIFT_VERSION = 4.0;
				TARGETED_DEVICE_FAMILY = "1,2";
				TEST_HOST = "$(BUILT_PRODUCTS_DIR)/Master Scores.app/Master Scores";
			};
			name = Debug;
		};
		54F8CC0020CB475D00118193 /* Release */ = {
			isa = XCBuildConfiguration;
			baseConfigurationReference = B6C5064D41CC2DB8C7907AAF /* Pods-Master ScoresTests.release.xcconfig */;
			buildSettings = {
				ALWAYS_EMBED_SWIFT_STANDARD_LIBRARIES = YES;
				BUNDLE_LOADER = "$(TEST_HOST)";
				CODE_SIGN_STYLE = Automatic;
				DEVELOPMENT_TEAM = FDTCRD4BVY;
				INFOPLIST_FILE = "Master ScoresTests/Info.plist";
				LD_RUNPATH_SEARCH_PATHS = "$(inherited) @executable_path/Frameworks @loader_path/Frameworks";
				PRODUCT_BUNDLE_IDENTIFIER = "Master-Scores.Master-ScoresTests";
				PRODUCT_NAME = "$(TARGET_NAME)";
				SWIFT_VERSION = 4.0;
				TARGETED_DEVICE_FAMILY = "1,2";
				TEST_HOST = "$(BUILT_PRODUCTS_DIR)/Master Scores.app/Master Scores";
			};
			name = Release;
		};
		54F8CC0220CB475D00118193 /* Debug */ = {
			isa = XCBuildConfiguration;
			baseConfigurationReference = CE349B0F214466565CD041DF /* Pods-Master ScoresUITests.debug.xcconfig */;
			buildSettings = {
				ALWAYS_EMBED_SWIFT_STANDARD_LIBRARIES = YES;
				CODE_SIGN_STYLE = Automatic;
				DEVELOPMENT_TEAM = FDTCRD4BVY;
				INFOPLIST_FILE = "Master ScoresUITests/Info.plist";
				LD_RUNPATH_SEARCH_PATHS = "$(inherited) @executable_path/Frameworks @loader_path/Frameworks";
				PRODUCT_BUNDLE_IDENTIFIER = "Master-Scores.Master-ScoresUITests";
				PRODUCT_NAME = "$(TARGET_NAME)";
				SWIFT_VERSION = 4.0;
				TARGETED_DEVICE_FAMILY = "1,2";
				TEST_TARGET_NAME = "Master Scores";
			};
			name = Debug;
		};
		54F8CC0320CB475D00118193 /* Release */ = {
			isa = XCBuildConfiguration;
			baseConfigurationReference = 19F637B112DFB99797BAF576 /* Pods-Master ScoresUITests.release.xcconfig */;
			buildSettings = {
				ALWAYS_EMBED_SWIFT_STANDARD_LIBRARIES = YES;
				CODE_SIGN_STYLE = Automatic;
				DEVELOPMENT_TEAM = FDTCRD4BVY;
				INFOPLIST_FILE = "Master ScoresUITests/Info.plist";
				LD_RUNPATH_SEARCH_PATHS = "$(inherited) @executable_path/Frameworks @loader_path/Frameworks";
				PRODUCT_BUNDLE_IDENTIFIER = "Master-Scores.Master-ScoresUITests";
				PRODUCT_NAME = "$(TARGET_NAME)";
				SWIFT_VERSION = 4.0;
				TARGETED_DEVICE_FAMILY = "1,2";
				TEST_TARGET_NAME = "Master Scores";
			};
			name = Release;
		};
/* End XCBuildConfiguration section */

/* Begin XCConfigurationList section */
		54F8CBCE20CB475D00118193 /* Build configuration list for PBXProject "Master Scores" */ = {
			isa = XCConfigurationList;
			buildConfigurations = (
				54F8CBF920CB475D00118193 /* Debug */,
				54F8CBFA20CB475D00118193 /* Release */,
			);
			defaultConfigurationIsVisible = 0;
			defaultConfigurationName = Release;
		};
		54F8CBFB20CB475D00118193 /* Build configuration list for PBXNativeTarget "Master Scores" */ = {
			isa = XCConfigurationList;
			buildConfigurations = (
				54F8CBFC20CB475D00118193 /* Debug */,
				54F8CBFD20CB475D00118193 /* Release */,
			);
			defaultConfigurationIsVisible = 0;
			defaultConfigurationName = Release;
		};
		54F8CBFE20CB475D00118193 /* Build configuration list for PBXNativeTarget "Master ScoresTests" */ = {
			isa = XCConfigurationList;
			buildConfigurations = (
				54F8CBFF20CB475D00118193 /* Debug */,
				54F8CC0020CB475D00118193 /* Release */,
			);
			defaultConfigurationIsVisible = 0;
			defaultConfigurationName = Release;
		};
		54F8CC0120CB475D00118193 /* Build configuration list for PBXNativeTarget "Master ScoresUITests" */ = {
			isa = XCConfigurationList;
			buildConfigurations = (
				54F8CC0220CB475D00118193 /* Debug */,
				54F8CC0320CB475D00118193 /* Release */,
			);
			defaultConfigurationIsVisible = 0;
			defaultConfigurationName = Release;
		};
/* End XCConfigurationList section */
	};
	rootObject = 54F8CBCB20CB475D00118193 /* Project object */;
}
